
Microsoft Visual Studio Solution File, Format Version 12.00
# Visual Studio 15
VisualStudioVersion = 15.0.36324.19
MinimumVisualStudioVersion = 10.0.40219.1
Project("{FAE04EC0-301F-11D3-BF4B-00C04F79EFBC}") = "ConsoleApp1", "ConsoleApp1\ConsoleApp1.csproj", "{784180D5-901C-4218-B07F-2710E578AADD}"
EndProject
Global
	GlobalSection(SolutionConfigurationPlatforms) = preSolution
		Debug|Any CPU = Debug|Any CPU
		Release|Any CPU = Release|Any CPU
	EndGlobalSection
	GlobalSection(ProjectConfigurationPlatforms) = postSolution
		{784180D5-901C-4218-B07F-2710E578AADD}.Debug|Any CPU.ActiveCfg = Debug|Any CPU
		{784180D5-901C-4218-B07F-2710E578AADD}.Debug|Any CPU.Build.0 = Debug|Any CPU
		{784180D5-901C-4218-B07F-2710E578AADD}.Release|Any CPU.ActiveCfg = Release|Any CPU
		{784180D5-901C-4218-B07F-2710E578AADD}.Release|Any CPU.Build.0 = Release|Any CPU
	EndGlobalSection
	GlobalSection(SolutionProperties) = preSolution
		HideSolutionNode = FALSE
	EndGlobalSection
	GlobalSection(ExtensibilityGlobals) = postSolution
		SolutionGuid = {ECA79B88-2431-4C36-929D-A97D89C6DDE8}
	EndGlobalSection
EndGlobal
